Microsoft Visual Studio Solution File, Format Version 12.00
# Visual Studio Version 17
VisualStudioVersion = 17.5.2.0
MinimumVisualStudioVersion = 10.0.40219.1
Project("{FAE04EC0-301F-11D3-BF4B-00C04F79EFBC}") = "Exercicio01", "Exercicio01\Exercicio01.csproj", "{7ECEBBE9-40DB-7485-0774-CE9DAF421893}"
EndProject
Global
	GlobalSection(SolutionConfigurationPlatforms) = preSolution
		Debug|Any CPU = Debug|Any CPU
		Release|Any CPU = Release|Any CPU
	EndGlobalSection
	GlobalSection(ProjectConfigurationPlatforms) = postSolution
		{7ECEBBE9-40DB-7485-0774-CE9DAF421893}.Debug|Any CPU.ActiveCfg = Debug|Any CPU
		{7ECEBBE9-40DB-7485-0774-CE9DAF421893}.Debug|Any CPU.Build.0 = Debug|Any CPU
		{7ECEBBE9-40DB-7485-0774-CE9DAF421893}.Release|Any CPU.ActiveCfg = Release|Any CPU
		{7ECEBBE9-40DB-7485-0774-CE9DAF421893}.Release|Any CPU.Build.0 = Release|Any CPU
	EndGlobalSection
	GlobalSection(SolutionProperties) = preSolution
		HideSolutionNode = FALSE
	EndGlobalSection
	GlobalSection(ExtensibilityGlobals) = postSolution
		SolutionGuid = {952DF8E1-0169-4FD6-AE75-C8618F62D865}
	EndGlobalSection
EndGlobal
